
Microsoft Visual Studio Solution File, Format Version 12.00
# Visual Studio Version 17
VisualStudioVersion = 17.5.33516.290
MinimumVisualStudioVersion = 10.0.40219.1
Project("{FAE04EC0-301F-11D3-BF4B-00C04F79EFBC}") = "CSharp_LoopWhile", "CSharp_LoopWhile\CSharp_LoopWhile.csproj", "{41C1B06B-7852-4D4E-A279-317B040DC542}"
EndProject
Global
	GlobalSection(SolutionConfigurationPlatforms) = preSolution
		Debug|Any CPU = Debug|Any CPU
		Release|Any CPU = Release|Any CPU
	EndGlobalSection
	GlobalSection(ProjectConfigurationPlatforms) = postSolution
		{41C1B06B-7852-4D4E-A279-317B040DC542}.Debug|Any CPU.ActiveCfg = Debug|Any CPU
		{41C1B06B-7852-4D4E-A279-317B040DC542}.Debug|Any CPU.Build.0 = Debug|Any CPU
		{41C1B06B-7852-4D4E-A279-317B040DC542}.Release|Any CPU.ActiveCfg = Release|Any CPU
		{41C1B06B-7852-4D4E-A279-317B040DC542}.Release|Any CPU.Build.0 = Release|Any CPU
	EndGlobalSection
	GlobalSection(SolutionProperties) = preSolution
		HideSolutionNode = FALSE
	EndGlobalSection
	GlobalSection(ExtensibilityGlobals) = postSolution
		SolutionGuid = {1E3E7DD4-A99E-4ECD-B74B-D5728E03A481}
	EndGlobalSection
EndGlobal
